
Microsoft Visual Studio Solution File, Format Version 12.00
# Visual Studio Version 16
VisualStudioVersion = 16.0.30002.166
MinimumVisualStudioVersion = 10.0.40219.1
Project("{9A19103F-16F7-4668-BE54-9A1E7A4F7556}") = "MoviesList", "MoviesList\MoviesList.csproj", "{1B5BC47A-9D3E-451B-A128-38F5C0745171}"
EndProject
Project("{FAE04EC0-301F-11D3-BF4B-00C04F79EFBC}") = "MoviesListTests", "MoviesListTests\MoviesListTests.csproj", "{1C105016-D63A-4203-85DC-0EA9D4552E55}"
EndProject
Global
	GlobalSection(SolutionConfigurationPlatforms) = preSolution
		Debug|Any CPU = Debug|Any CPU
		Release|Any CPU = Release|Any CPU
	EndGlobalSection
	GlobalSection(ProjectConfigurationPlatforms) = postSolution
		{1B5BC47A-9D3E-451B-A128-38F5C0745171}.Debug|Any CPU.ActiveCfg = Debug|Any CPU
		{1B5BC47A-9D3E-451B-A128-38F5C0745171}.Debug|Any CPU.Build.0 = Debug|Any CPU
		{1B5BC47A-9D3E-451B-A128-38F5C0745171}.Release|Any CPU.ActiveCfg = Release|Any CPU
		{1B5BC47A-9D3E-451B-A128-38F5C0745171}.Release|Any CPU.Build.0 = Release|Any CPU
		{1C105016-D63A-4203-85DC-0EA9D4552E55}.Debug|Any CPU.ActiveCfg = Debug|Any CPU
		{1C105016-D63A-4203-85DC-0EA9D4552E55}.Debug|Any CPU.Build.0 = Debug|Any CPU
		{1C105016-D63A-4203-85DC-0EA9D4552E55}.Release|Any CPU.ActiveCfg = Release|Any CPU
		{1C105016-D63A-4203-85DC-0EA9D4552E55}.Release|Any CPU.Build.0 = Release|Any CPU
	EndGlobalSection
	GlobalSection(SolutionProperties) = preSolution
		HideSolutionNode = FALSE
	EndGlobalSection
	GlobalSection(ExtensibilityGlobals) = postSolution
		SolutionGuid = {77CF8013-824C-4A9D-A1DC-486DCAAE2B8E}
	EndGlobalSection
EndGlobal
